// !$*UTF8*$!
{
	archiveVersion = 1;
	classes = {
	};
	objectVersion = 56;
	objects = {

/* Begin PBXBuildFile section */
		222EAB1629AC0765009FC431 /* LoadingModifier.swift in Sources */ = {isa = PBXBuildFile; fileRef = 222EAB1529AC0765009FC431 /* LoadingModifier.swift */; };
		2233402829A9161A005BEF69 /* TextAnimationViewModifier.swift in Sources */ = {isa = PBXBuildFile; fileRef = 2233402729A9161A005BEF69 /* TextAnimationViewModifier.swift */; };
		229D04C229A8F38800276D5A /* RegisterView.swift in Sources */ = {isa = PBXBuildFile; fileRef = 229D04C129A8F38800276D5A /* RegisterView.swift */; };
		22ABE52929A2D02700986EB0 /* AnimatedBlobComponent.swift in Sources */ = {isa = PBXBuildFile; fileRef = 22ABE52829A2D02700986EB0 /* AnimatedBlobComponent.swift */; };
		22ABE52B29A67B6D00986EB0 /* LoginView.swift in Sources */ = {isa = PBXBuildFile; fileRef = 22ABE52A29A67B6D00986EB0 /* LoginView.swift */; };
		22CEC16F29A7F74300FE1B7E /* Color+extension.swift in Sources */ = {isa = PBXBuildFile; fileRef = 22CEC16B29A7F74300FE1B7E /* Color+extension.swift */; };
		22CEC17029A7F74300FE1B7E /* View+Extension.swift in Sources */ = {isa = PBXBuildFile; fileRef = 22CEC16C29A7F74300FE1B7E /* View+Extension.swift */; };
		22CEC17229A7F90500FE1B7E /* InputComponent.swift in Sources */ = {isa = PBXBuildFile; fileRef = 22CEC17129A7F90500FE1B7E /* InputComponent.swift */; };
		22CEC17829A7FB4800FE1B7E /* String+Extension.swift in Sources */ = {isa = PBXBuildFile; fileRef = 22CEC17729A7FB4800FE1B7E /* String+Extension.swift */; };
		22EDED3A29ABBE2D002440C3 /* PrimaryButtonStyle.swift in Sources */ = {isa = PBXBuildFile; fileRef = 22EDED3929ABBE2D002440C3 /* PrimaryButtonStyle.swift */; };
		FA62058A29A1269F00C6E0F5 /* HomeApp.swift in Sources */ = {isa = PBXBuildFile; fileRef = FA62058929A1269F00C6E0F5 /* HomeApp.swift */; };
		FA62058C29A1269F00C6E0F5 /* ContentView.swift in Sources */ = {isa = PBXBuildFile; fileRef = FA62058B29A1269F00C6E0F5 /* ContentView.swift */; };
		FA62058E29A126A800C6E0F5 /* Assets.xcassets in Resources */ = {isa = PBXBuildFile; fileRef = FA62058D29A126A800C6E0F5 /* Assets.xcassets */; };
		FA62059129A126A800C6E0F5 /* Preview Assets.xcassets in Resources */ = {isa = PBXBuildFile; fileRef = FA62059029A126A800C6E0F5 /* Preview Assets.xcassets */; };
		FA62059929A12F6D00C6E0F5 /* RoomCaptureController.swift in Sources */ = {isa = PBXBuildFile; fileRef = FA62059829A12F6D00C6E0F5 /* RoomCaptureController.swift */; };
		FA62059C29A1303100C6E0F5 /* RoomCaptureView.swift in Sources */ = {isa = PBXBuildFile; fileRef = FA62059B29A1303100C6E0F5 /* RoomCaptureView.swift */; };
		FA6205A029A1330000C6E0F5 /* Localizable.strings in Resources */ = {isa = PBXBuildFile; fileRef = FA6205A229A1330000C6E0F5 /* Localizable.strings */; };
		FAE1292529A1783E00FAA2A0 /* GoogleService-Info.plist in Resources */ = {isa = PBXBuildFile; fileRef = FAE1292429A1783E00FAA2A0 /* GoogleService-Info.plist */; };
		FAE1292829A1796E00FAA2A0 /* FirebaseAuth in Frameworks */ = {isa = PBXBuildFile; productRef = FAE1292729A1796E00FAA2A0 /* FirebaseAuth */; };
		FAE1292A29A1796E00FAA2A0 /* FirebaseFirestore in Frameworks */ = {isa = PBXBuildFile; productRef = FAE1292929A1796E00FAA2A0 /* FirebaseFirestore */; };
		FAE1292C29A1796E00FAA2A0 /* FirebaseFirestoreSwift in Frameworks */ = {isa = PBXBuildFile; productRef = FAE1292B29A1796E00FAA2A0 /* FirebaseFirestoreSwift */; };
		FAE1292E29A1796E00FAA2A0 /* FirebaseStorage in Frameworks */ = {isa = PBXBuildFile; productRef = FAE1292D29A1796E00FAA2A0 /* FirebaseStorage */; };
		FAE1293029A179D000FAA2A0 /* AuthentificationView.swift in Sources */ = {isa = PBXBuildFile; fileRef = FAE1292F29A179D000FAA2A0 /* AuthentificationView.swift */; };
/* End PBXBuildFile section */

/* Begin PBXFileReference section */
		222EAB1529AC0765009FC431 /* LoadingModifier.swift */ = {isa = PBXFileReference; lastKnownFileType = sourcecode.swift; path = LoadingModifier.swift; sourceTree = "<group>"; };
		2233402729A9161A005BEF69 /* TextAnimationViewModifier.swift */ = {isa = PBXFileReference; lastKnownFileType = sourcecode.swift; name = TextAnimationViewModifier.swift; path = Home/Modifier/TextAnimationViewModifier.swift; sourceTree = SOURCE_ROOT; };
		229D04C129A8F38800276D5A /* RegisterView.swift */ = {isa = PBXFileReference; lastKnownFileType = sourcecode.swift; path = RegisterView.swift; sourceTree = "<group>"; };
		22ABE52829A2D02700986EB0 /* AnimatedBlobComponent.swift */ = {isa = PBXFileReference; lastKnownFileType = sourcecode.swift; path = AnimatedBlobComponent.swift; sourceTree = "<group>"; };
		22ABE52A29A67B6D00986EB0 /* LoginView.swift */ = {isa = PBXFileReference; lastKnownFileType = sourcecode.swift; path = LoginView.swift; sourceTree = "<group>"; };
		22CEC16B29A7F74300FE1B7E /* Color+extension.swift */ = {isa = PBXFileReference; fileEncoding = 4; lastKnownFileType = sourcecode.swift; path = "Color+extension.swift"; sourceTree = "<group>"; };
		22CEC16C29A7F74300FE1B7E /* View+Extension.swift */ = {isa = PBXFileReference; fileEncoding = 4; lastKnownFileType = sourcecode.swift; name = "View+Extension.swift"; path = "../../../../Desktop/SocialMedia/SocialMedia/View/Helpers/View+Extension.swift"; sourceTree = "<group>"; };
		22CEC17129A7F90500FE1B7E /* InputComponent.swift */ = {isa = PBXFileReference; lastKnownFileType = sourcecode.swift; path = InputComponent.swift; sourceTree = "<group>"; };
		22CEC17729A7FB4800FE1B7E /* String+Extension.swift */ = {isa = PBXFileReference; lastKnownFileType = sourcecode.swift; path = "String+Extension.swift"; sourceTree = "<group>"; };
		22EDED3929ABBE2D002440C3 /* PrimaryButtonStyle.swift */ = {isa = PBXFileReference; lastKnownFileType = sourcecode.swift; path = PrimaryButtonStyle.swift; sourceTree = "<group>"; };
		FA62058629A1269F00C6E0F5 /* Home.app */ = {isa = PBXFileReference; explicitFileType = wrapper.application; includeInIndex = 0; path = Home.app; sourceTree = BUILT_PRODUCTS_DIR; };
		FA62058929A1269F00C6E0F5 /* HomeApp.swift */ = {isa = PBXFileReference; lastKnownFileType = sourcecode.swift; path = HomeApp.swift; sourceTree = "<group>"; };
		FA62058B29A1269F00C6E0F5 /* ContentView.swift */ = {isa = PBXFileReference; lastKnownFileType = sourcecode.swift; path = ContentView.swift; sourceTree = "<group>"; };
		FA62058D29A126A800C6E0F5 /* Assets.xcassets */ = {isa = PBXFileReference; lastKnownFileType = folder.assetcatalog; path = Assets.xcassets; sourceTree = "<group>"; };
		FA62059029A126A800C6E0F5 /* Preview Assets.xcassets */ = {isa = PBXFileReference; lastKnownFileType = folder.assetcatalog; path = "Preview Assets.xcassets"; sourceTree = "<group>"; };
		FA62059829A12F6D00C6E0F5 /* RoomCaptureController.swift */ = {isa = PBXFileReference; lastKnownFileType = sourcecode.swift; path = RoomCaptureController.swift; sourceTree = "<group>"; };
		FA62059B29A1303100C6E0F5 /* RoomCaptureView.swift */ = {isa = PBXFileReference; lastKnownFileType = sourcecode.swift; path = RoomCaptureView.swift; sourceTree = "<group>"; };
		FA6205A129A1330000C6E0F5 /* fr */ = {isa = PBXFileReference; lastKnownFileType = text.plist.strings; name = fr; path = fr.lproj/Localizable.strings; sourceTree = "<group>"; };
		FA6205A329A1330300C6E0F5 /* en */ = {isa = PBXFileReference; lastKnownFileType = text.plist.strings; name = en; path = en.lproj/Localizable.strings; sourceTree = "<group>"; };
		FAE1292429A1783E00FAA2A0 /* GoogleService-Info.plist */ = {isa = PBXFileReference; fileEncoding = 4; lastKnownFileType = text.plist.xml; path = "GoogleService-Info.plist"; sourceTree = "<group>"; };
		FAE1292F29A179D000FAA2A0 /* AuthentificationView.swift */ = {isa = PBXFileReference; lastKnownFileType = sourcecode.swift; path = AuthentificationView.swift; sourceTree = "<group>"; };
/* End PBXFileReference section */

/* Begin PBXFrameworksBuildPhase section */
		FA62058329A1269F00C6E0F5 /* Frameworks */ = {
			isa = PBXFrameworksBuildPhase;
			buildActionMask = 2147483647;
			files = (
				FAE1292829A1796E00FAA2A0 /* FirebaseAuth in Frameworks */,
				FAE1292E29A1796E00FAA2A0 /* FirebaseStorage in Frameworks */,
				FAE1292A29A1796E00FAA2A0 /* FirebaseFirestore in Frameworks */,
				FAE1292C29A1796E00FAA2A0 /* FirebaseFirestoreSwift in Frameworks */,
			);
			runOnlyForDeploymentPostprocessing = 0;
		};
/* End PBXFrameworksBuildPhase section */

/* Begin PBXGroup section */
		2233402629A915FD005BEF69 /* Modifier */ = {
			isa = PBXGroup;
			children = (
				2233402729A9161A005BEF69 /* TextAnimationViewModifier.swift */,
				22EDED3929ABBE2D002440C3 /* PrimaryButtonStyle.swift */,
				222EAB1529AC0765009FC431 /* LoadingModifier.swift */,
			);
			path = Modifier;
			sourceTree = "<group>";
		};
		229D04C329A8F38C00276D5A /* Authentification */ = {
			isa = PBXGroup;
			children = (
				FAE1292F29A179D000FAA2A0 /* AuthentificationView.swift */,
				229D04C129A8F38800276D5A /* RegisterView.swift */,
				22ABE52A29A67B6D00986EB0 /* LoginView.swift */,
			);
			path = Authentification;
			sourceTree = "<group>";
		};
		22CEC16829A7F6FC00FE1B7E /* Extension */ = {
			isa = PBXGroup;
			children = (
				22CEC16B29A7F74300FE1B7E /* Color+extension.swift */,
				22CEC16C29A7F74300FE1B7E /* View+Extension.swift */,
				22CEC17729A7FB4800FE1B7E /* String+Extension.swift */,
			);
			path = Extension;
			sourceTree = "<group>";
		};
		22FFFD1B29A2CC22009AD119 /* Component */ = {
			isa = PBXGroup;
			children = (
				22ABE52829A2D02700986EB0 /* AnimatedBlobComponent.swift */,
				22CEC17129A7F90500FE1B7E /* InputComponent.swift */,
			);
			name = Component;
			path = View;
			sourceTree = "<group>";
		};
		FA62057D29A1269E00C6E0F5 = {
			isa = PBXGroup;
			children = (
				FA62058829A1269F00C6E0F5 /* Home */,
				FA62058729A1269F00C6E0F5 /* Products */,
			);
			sourceTree = "<group>";
		};
		FA62058729A1269F00C6E0F5 /* Products */ = {
			isa = PBXGroup;
			children = (
				FA62058629A1269F00C6E0F5 /* Home.app */,
			);
			name = Products;
			sourceTree = "<group>";
		};
		FA62058829A1269F00C6E0F5 /* Home */ = {
			isa = PBXGroup;
			children = (
				2233402629A915FD005BEF69 /* Modifier */,
				22CEC16829A7F6FC00FE1B7E /* Extension */,
				22FFFD1B29A2CC22009AD119 /* Component */,
				FA62059A29A1301900C6E0F5 /* View */,
				FA62059729A12F6200C6E0F5 /* Controller */,
				FA62058929A1269F00C6E0F5 /* HomeApp.swift */,
				FA62058B29A1269F00C6E0F5 /* ContentView.swift */,
				FA62058D29A126A800C6E0F5 /* Assets.xcassets */,
				FAE1292429A1783E00FAA2A0 /* GoogleService-Info.plist */,
				FA6205A229A1330000C6E0F5 /* Localizable.strings */,
				FA62058F29A126A800C6E0F5 /* Preview Content */,
			);
			path = Home;
			sourceTree = "<group>";
		};
		FA62058F29A126A800C6E0F5 /* Preview Content */ = {
			isa = PBXGroup;
			children = (
				FA62059029A126A800C6E0F5 /* Preview Assets.xcassets */,
			);
			path = "Preview Content";
			sourceTree = "<group>";
		};
		FA62059729A12F6200C6E0F5 /* Controller */ = {
			isa = PBXGroup;
			children = (
				FA62059829A12F6D00C6E0F5 /* RoomCaptureController.swift */,
			);
			path = Controller;
			sourceTree = "<group>";
		};
		FA62059A29A1301900C6E0F5 /* View */ = {
			isa = PBXGroup;
			children = (
				229D04C329A8F38C00276D5A /* Authentification */,
				FA62059B29A1303100C6E0F5 /* RoomCaptureView.swift */,
			);
			path = View;
			sourceTree = "<group>";
		};
/* End PBXGroup section */

/* Begin PBXNativeTarget section */
		FA62058529A1269F00C6E0F5 /* Home */ = {
			isa = PBXNativeTarget;
			buildConfigurationList = FA62059429A126A800C6E0F5 /* Build configuration list for PBXNativeTarget "Home" */;
			buildPhases = (
				FA62058229A1269F00C6E0F5 /* Sources */,
				FA62058329A1269F00C6E0F5 /* Frameworks */,
				FA62058429A1269F00C6E0F5 /* Resources */,
			);
			buildRules = (
			);
			dependencies = (
			);
			name = Home;
			packageProductDependencies = (
				FAE1292729A1796E00FAA2A0 /* FirebaseAuth */,
				FAE1292929A1796E00FAA2A0 /* FirebaseFirestore */,
				FAE1292B29A1796E00FAA2A0 /* FirebaseFirestoreSwift */,
				FAE1292D29A1796E00FAA2A0 /* FirebaseStorage */,
			);
			productName = Home;
			productReference = FA62058629A1269F00C6E0F5 /* Home.app */;
			productType = "com.apple.product-type.application";
		};
/* End PBXNativeTarget section */

/* Begin PBXProject section */
		FA62057E29A1269E00C6E0F5 /* Project object */ = {
			isa = PBXProject;
			attributes = {
				BuildIndependentTargetsInParallel = 1;
				LastSwiftUpdateCheck = 1420;
				LastUpgradeCheck = 1420;
				TargetAttributes = {
					FA62058529A1269F00C6E0F5 = {
						CreatedOnToolsVersion = 14.2;
					};
				};
			};
			buildConfigurationList = FA62058129A1269E00C6E0F5 /* Build configuration list for PBXProject "Home" */;
			compatibilityVersion = "Xcode 14.0";
			developmentRegion = en;
			hasScannedForEncodings = 0;
			knownRegions = (
				en,
				Base,
				fr,
			);
			mainGroup = FA62057D29A1269E00C6E0F5;
			packageReferences = (
				FAE1292629A1796E00FAA2A0 /* XCRemoteSwiftPackageReference "firebase-ios-sdk" */,
			);
			productRefGroup = FA62058729A1269F00C6E0F5 /* Products */;
			projectDirPath = "";
			projectRoot = "";
			targets = (
				FA62058529A1269F00C6E0F5 /* Home */,
			);
		};
/* End PBXProject section */

/* Begin PBXResourcesBuildPhase section */
		FA62058429A1269F00C6E0F5 /* Resources */ = {
			isa = PBXResourcesBuildPhase;
			buildActionMask = 2147483647;
			files = (
				FA62059129A126A800C6E0F5 /* Preview Assets.xcassets in Resources */,
				FAE1292529A1783E00FAA2A0 /* GoogleService-Info.plist in Resources */,
				FA6205A029A1330000C6E0F5 /* Localizable.strings in Resources */,
				FA62058E29A126A800C6E0F5 /* Assets.xcassets in Resources */,
			);
			runOnlyForDeploymentPostprocessing = 0;
		};
/* End PBXResourcesBuildPhase section */

/* Begin PBXSourcesBuildPhase section */
		FA62058229A1269F00C6E0F5 /* Sources */ = {
			isa = PBXSourcesBuildPhase;
			buildActionMask = 2147483647;
			files = (
				FA62059C29A1303100C6E0F5 /* RoomCaptureView.swift in Sources */,
				22CEC17029A7F74300FE1B7E /* View+Extension.swift in Sources */,
				229D04C229A8F38800276D5A /* RegisterView.swift in Sources */,
				22ABE52B29A67B6D00986EB0 /* LoginView.swift in Sources */,
				22ABE52929A2D02700986EB0 /* AnimatedBlobComponent.swift in Sources */,
				22CEC17829A7FB4800FE1B7E /* String+Extension.swift in Sources */,
				22EDED3A29ABBE2D002440C3 /* PrimaryButtonStyle.swift in Sources */,
				FA62058C29A1269F00C6E0F5 /* ContentView.swift in Sources */,
				FA62059929A12F6D00C6E0F5 /* RoomCaptureController.swift in Sources */,
				2233402829A9161A005BEF69 /* TextAnimationViewModifier.swift in Sources */,
				FAE1293029A179D000FAA2A0 /* AuthentificationView.swift in Sources */,
				22CEC16F29A7F74300FE1B7E /* Color+extension.swift in Sources */,
				FA62058A29A1269F00C6E0F5 /* HomeApp.swift in Sources */,
				222EAB1629AC0765009FC431 /* LoadingModifier.swift in Sources */,
				22CEC17229A7F90500FE1B7E /* InputComponent.swift in Sources */,
			);
			runOnlyForDeploymentPostprocessing = 0;
		};
/* End PBXSourcesBuildPhase section */

/* Begin PBXVariantGroup section */
		FA6205A229A1330000C6E0F5 /* Localizable.strings */ = {
			isa = PBXVariantGroup;
			children = (
				FA6205A129A1330000C6E0F5 /* fr */,
				FA6205A329A1330300C6E0F5 /* en */,
			);
			name = Localizable.strings;
			sourceTree = "<group>";
		};
/* End PBXVariantGroup section */

/* Begin XCBuildConfiguration section */
		FA62059229A126A800C6E0F5 /* Debug */ = {
			isa = XCBuildConfiguration;
			buildSettings = {
				ALWAYS_SEARCH_USER_PATHS = NO;
				CLANG_ANALYZER_LOCALIZABILITY_NONLOCALIZED = YES;
				CLANG_ANALYZER_NONNULL = YES;
				CLANG_ANALYZER_NUMBER_OBJECT_CONVERSION = YES_AGGRESSIVE;
				CLANG_CXX_LANGUAGE_STANDARD = "gnu++20";
				CLANG_ENABLE_MODULES = YES;
				CLANG_ENABLE_OBJC_ARC = YES;
				CLANG_ENABLE_OBJC_WEAK = YES;
				CLANG_WARN_BLOCK_CAPTURE_AUTORELEASING = YES;
				CLANG_WARN_BOOL_CONVERSION = YES;
				CLANG_WARN_COMMA = YES;
				CLANG_WARN_CONSTANT_CONVERSION = YES;
				CLANG_WARN_DEPRECATED_OBJC_IMPLEMENTATIONS = YES;
				CLANG_WARN_DIRECT_OBJC_ISA_USAGE = YES_ERROR;
				CLANG_WARN_DOCUMENTATION_COMMENTS = YES;
				CLANG_WARN_EMPTY_BODY = YES;
				CLANG_WARN_ENUM_CONVERSION = YES;
				CLANG_WARN_INFINITE_RECURSION = YES;
				CLANG_WARN_INT_CONVERSION = YES;
				CLANG_WARN_NON_LITERAL_NULL_CONVERSION = YES;
				CLANG_WARN_OBJC_IMPLICIT_RETAIN_SELF = YES;
				CLANG_WARN_OBJC_LITERAL_CONVERSION = YES;
				CLANG_WARN_OBJC_ROOT_CLASS = YES_ERROR;
				CLANG_WARN_QUOTED_INCLUDE_IN_FRAMEWORK_HEADER = YES;
				CLANG_WARN_RANGE_LOOP_ANALYSIS = YES;
				CLANG_WARN_STRICT_PROTOTYPES = YES;
				CLANG_WARN_SUSPICIOUS_MOVE = YES;
				CLANG_WARN_UNGUARDED_AVAILABILITY = YES_AGGRESSIVE;
				CLANG_WARN_UNREACHABLE_CODE = YES;
				CLANG_WARN__DUPLICATE_METHOD_MATCH = YES;
				COPY_PHASE_STRIP = NO;
				DEBUG_INFORMATION_FORMAT = dwarf;
				ENABLE_STRICT_OBJC_MSGSEND = YES;
				ENABLE_TESTABILITY = YES;
				GCC_C_LANGUAGE_STANDARD = gnu11;
				GCC_DYNAMIC_NO_PIC = NO;
				GCC_NO_COMMON_BLOCKS = YES;
				GCC_OPTIMIZATION_LEVEL = 0;
				GCC_PREPROCESSOR_DEFINITIONS = (
					"DEBUG=1",
					"$(inherited)",
				);
				GCC_WARN_64_TO_32_BIT_CONVERSION = YES;
				GCC_WARN_ABOUT_RETURN_TYPE = YES_ERROR;
				GCC_WARN_UNDECLARED_SELECTOR = YES;
				GCC_WARN_UNINITIALIZED_AUTOS = YES_AGGRESSIVE;
				GCC_WARN_UNUSED_FUNCTION = YES;
				GCC_WARN_UNUSED_VARIABLE = YES;
				IPHONEOS_DEPLOYMENT_TARGET = 16.2;
				MTL_ENABLE_DEBUG_INFO = INCLUDE_SOURCE;
				MTL_FAST_MATH = YES;
				ONLY_ACTIVE_ARCH = YES;
				SDKROOT = iphoneos;
				SWIFT_ACTIVE_COMPILATION_CONDITIONS = DEBUG;
				SWIFT_OPTIMIZATION_LEVEL = "-Onone";
			};
			name = Debug;
		};
		FA62059329A126A800C6E0F5 /* Release */ = {
			isa = XCBuildConfiguration;
			buildSettings = {
				ALWAYS_SEARCH_USER_PATHS = NO;
				CLANG_ANALYZER_LOCALIZABILITY_NONLOCALIZED = YES;
				CLANG_ANALYZER_NONNULL = YES;
				CLANG_ANALYZER_NUMBER_OBJECT_CONVERSION = YES_AGGRESSIVE;
				CLANG_CXX_LANGUAGE_STANDARD = "gnu++20";
				CLANG_ENABLE_MODULES = YES;
				CLANG_ENABLE_OBJC_ARC = YES;
				CLANG_ENABLE_OBJC_WEAK = YES;
				CLANG_WARN_BLOCK_CAPTURE_AUTORELEASING = YES;
				CLANG_WARN_BOOL_CONVERSION = YES;
				CLANG_WARN_COMMA = YES;
				CLANG_WARN_CONSTANT_CONVERSION = YES;
				CLANG_WARN_DEPRECATED_OBJC_IMPLEMENTATIONS = YES;
				CLANG_WARN_DIRECT_OBJC_ISA_USAGE = YES_ERROR;
				CLANG_WARN_DOCUMENTATION_COMMENTS = YES;
				CLANG_WARN_EMPTY_BODY = YES;
				CLANG_WARN_ENUM_CONVERSION = YES;
				CLANG_WARN_INFINITE_RECURSION = YES;
				CLANG_WARN_INT_CONVERSION = YES;
				CLANG_WARN_NON_LITERAL_NULL_CONVERSION = YES;
				CLANG_WARN_OBJC_IMPLICIT_RETAIN_SELF = YES;
				CLANG_WARN_OBJC_LITERAL_CONVERSION = YES;
				CLANG_WARN_OBJC_ROOT_CLASS = YES_ERROR;
				CLANG_WARN_QUOTED_INCLUDE_IN_FRAMEWORK_HEADER = YES;
				CLANG_WARN_RANGE_LOOP_ANALYSIS = YES;
				CLANG_WARN_STRICT_PROTOTYPES = YES;
				CLANG_WARN_SUSPICIOUS_MOVE = YES;
				CLANG_WARN_UNGUARDED_AVAILABILITY = YES_AGGRESSIVE;
				CLANG_WARN_UNREACHABLE_CODE = YES;
				CLANG_WARN__DUPLICATE_METHOD_MATCH = YES;
				COPY_PHASE_STRIP = NO;
				DEBUG_INFORMATION_FORMAT = "dwarf-with-dsym";
				ENABLE_NS_ASSERTIONS = NO;
				ENABLE_STRICT_OBJC_MSGSEND = YES;
				GCC_C_LANGUAGE_STANDARD = gnu11;
				GCC_NO_COMMON_BLOCKS = YES;
				GCC_WARN_64_TO_32_BIT_CONVERSION = YES;
				GCC_WARN_ABOUT_RETURN_TYPE = YES_ERROR;
				GCC_WARN_UNDECLARED_SELECTOR = YES;
				GCC_WARN_UNINITIALIZED_AUTOS = YES_AGGRESSIVE;
				GCC_WARN_UNUSED_FUNCTION = YES;
				GCC_WARN_UNUSED_VARIABLE = YES;
				IPHONEOS_DEPLOYMENT_TARGET = 16.2;
				MTL_ENABLE_DEBUG_INFO = NO;
				MTL_FAST_MATH = YES;
				SDKROOT = iphoneos;
				SWIFT_COMPILATION_MODE = wholemodule;
				SWIFT_OPTIMIZATION_LEVEL = "-O";
				VALIDATE_PRODUCT = YES;
			};
			name = Release;
		};
		FA62059529A126A800C6E0F5 /* Debug */ = {
			isa = XCBuildConfiguration;
			buildSettings = {
				ASSETCATALOG_COMPILER_APPICON_NAME = AppIcon;
				ASSETCATALOG_COMPILER_GLOBAL_ACCENT_COLOR_NAME = AccentColor;
				CODE_SIGN_STYLE = Automatic;
				CURRENT_PROJECT_VERSION = 1;
				DEVELOPMENT_ASSET_PATHS = "\"Home/Preview Content\"";
				DEVELOPMENT_TEAM = 2K963XV4C5;
				ENABLE_PREVIEWS = YES;
				GENERATE_INFOPLIST_FILE = YES;
				INFOPLIST_KEY_NSCameraUsageDescription = privacy_camera_usage_description;
				INFOPLIST_KEY_UIApplicationSceneManifest_Generation = YES;
				INFOPLIST_KEY_UIApplicationSupportsIndirectInputEvents = YES;
				INFOPLIST_KEY_UILaunchScreen_Generation = YES;
				INFOPLIST_KEY_UISupportedInterfaceOrientations_iPad = "UIInterfaceOrientationPortrait UIInterfaceOrientationPortraitUpsideDown UIInterfaceOrientationLandscapeLeft UIInterfaceOrientationLandscapeRight";
				INFOPLIST_KEY_UISupportedInterfaceOrientations_iPhone = "UIInterfaceOrientationPortrait UIInterfaceOrientationLandscapeLeft UIInterfaceOrientationLandscapeRight";
				LD_RUNPATH_SEARCH_PATHS = (
					"$(inherited)",
					"@executable_path/Frameworks",
				);
				MARKETING_VERSION = 1.0;
				PRODUCT_BUNDLE_IDENTIFIER = alexandre.giannetto.Home;
				PRODUCT_NAME = "$(TARGET_NAME)";
				SWIFT_EMIT_LOC_STRINGS = YES;
				SWIFT_VERSION = 5.0;
				TARGETED_DEVICE_FAMILY = "1,2";
			};
			name = Debug;
		};
		FA62059629A126A800C6E0F5 /* Release */ = {
			isa = XCBuildConfiguration;
			buildSettings = {
				ASSETCATALOG_COMPILER_APPICON_NAME = AppIcon;
				ASSETCATALOG_COMPILER_GLOBAL_ACCENT_COLOR_NAME = AccentColor;
				CODE_SIGN_STYLE = Automatic;
				CURRENT_PROJECT_VERSION = 1;
				DEVELOPMENT_ASSET_PATHS = "\"Home/Preview Content\"";
				DEVELOPMENT_TEAM = 2K963XV4C5;
				ENABLE_PREVIEWS = YES;
				GENERATE_INFOPLIST_FILE = YES;
				INFOPLIST_KEY_NSCameraUsageDescription = privacy_camera_usage_description;
				INFOPLIST_KEY_UIApplicationSceneManifest_Generation = YES;
				INFOPLIST_KEY_UIApplicationSupportsIndirectInputEvents = YES;
				INFOPLIST_KEY_UILaunchScreen_Generation = YES;
				INFOPLIST_KEY_UISupportedInterfaceOrientations_iPad = "UIInterfaceOrientationPortrait UIInterfaceOrientationPortraitUpsideDown UIInterfaceOrientationLandscapeLeft UIInterfaceOrientationLandscapeRight";
				INFOPLIST_KEY_UISupportedInterfaceOrientations_iPhone = "UIInterfaceOrientationPortrait UIInterfaceOrientationLandscapeLeft UIInterfaceOrientationLandscapeRight";
				LD_RUNPATH_SEARCH_PATHS = (
					"$(inherited)",
					"@executable_path/Frameworks",
				);
				MARKETING_VERSION = 1.0;
				PRODUCT_BUNDLE_IDENTIFIER = alexandre.giannetto.Home;
				PRODUCT_NAME = "$(TARGET_NAME)";
				SWIFT_EMIT_LOC_STRINGS = YES;
				SWIFT_VERSION = 5.0;
				TARGETED_DEVICE_FAMILY = "1,2";
			};
			name = Release;
		};
/* End XCBuildConfiguration section */

/* Begin XCConfigurationList section */
		FA62058129A1269E00C6E0F5 /* Build configuration list for PBXProject "Home" */ = {
			isa = XCConfigurationList;
			buildConfigurations = (
				FA62059229A126A800C6E0F5 /* Debug */,
				FA62059329A126A800C6E0F5 /* Release */,
			);
			defaultConfigurationIsVisible = 0;
			defaultConfigurationName = Release;
		};
		FA62059429A126A800C6E0F5 /* Build configuration list for PBXNativeTarget "Home" */ = {
			isa = XCConfigurationList;
			buildConfigurations = (
				FA62059529A126A800C6E0F5 /* Debug */,
				FA62059629A126A800C6E0F5 /* Release */,
			);
			defaultConfigurationIsVisible = 0;
			defaultConfigurationName = Release;
		};
/* End XCConfigurationList section */

/* Begin XCRemoteSwiftPackageReference section */
		FAE1292629A1796E00FAA2A0 /* XCRemoteSwiftPackageReference "firebase-ios-sdk" */ = {
			isa = XCRemoteSwiftPackageReference;
			repositoryURL = "https://github.com/firebase/firebase-ios-sdk";
			requirement = {
				kind = upToNextMajorVersion;
				minimumVersion = 9.0.0;
			};
		};
/* End XCRemoteSwiftPackageReference section */

/* Begin XCSwiftPackageProductDependency section */
		FAE1292729A1796E00FAA2A0 /* FirebaseAuth */ = {
			isa = XCSwiftPackageProductDependency;
			package = FAE1292629A1796E00FAA2A0 /* XCRemoteSwiftPackageReference "firebase-ios-sdk" */;
			productName = FirebaseAuth;
		};
		FAE1292929A1796E00FAA2A0 /* FirebaseFirestore */ = {
			isa = XCSwiftPackageProductDependency;
			package = FAE1292629A1796E00FAA2A0 /* XCRemoteSwiftPackageReference "firebase-ios-sdk" */;
			productName = FirebaseFirestore;
		};
		FAE1292B29A1796E00FAA2A0 /* FirebaseFirestoreSwift */ = {
			isa = XCSwiftPackageProductDependency;
			package = FAE1292629A1796E00FAA2A0 /* XCRemoteSwiftPackageReference "firebase-ios-sdk" */;
			productName = FirebaseFirestoreSwift;
		};
		FAE1292D29A1796E00FAA2A0 /* FirebaseStorage */ = {
			isa = XCSwiftPackageProductDependency;
			package = FAE1292629A1796E00FAA2A0 /* XCRemoteSwiftPackageReference "firebase-ios-sdk" */;
			productName = FirebaseStorage;
		};
/* End XCSwiftPackageProductDependency section */
	};
	rootObject = FA62057E29A1269E00C6E0F5 /* Project object */;
}
